// !$*UTF8*$!
{
	archiveVersion = 1;
	classes = {
	};
	objectVersion = 77;
	objects = {

/* Begin PBXBuildFile section */
		F191D3552F0709F2005AFE32 /* Alamofire in Frameworks */ = {isa = PBXBuildFile; productRef = F191D3542F0709F2005AFE32 /* Alamofire */; };
/* End PBXBuildFile section */

/* Begin PBXContainerItemProxy section */
		F1D2B6452F37589800835419 /* PBXContainerItemProxy */ = {
			isa = PBXContainerItemProxy;
			containerPortal = F191D2C42F06CC50005AFE32 /* Project object */;
			proxyType = 1;
			remoteGlobalIDString = F191D2CB2F06CC50005AFE32;
			remoteInfo = arteScope;
		};
/* End PBXContainerItemProxy section */

/* Begin PBXFileReference section */
		F191D2CC2F06CC50005AFE32 /* arteScope.app */ = {isa = PBXFileReference; explicitFileType = wrapper.application; includeInIndex = 0; path = arteScope.app; sourceTree = BUILT_PRODUCTS_DIR; };
		F1D2B6412F37589800835419 /* arteScopeTests.xctest */ = {isa = PBXFileReference; explicitFileType = wrapper.cfbundle; includeInIndex = 0; path = arteScopeTests.xctest; sourceTree = BUILT_PRODUCTS_DIR; };
/* End PBXFileReference section */

/* Begin PBXFileSystemSynchronizedBuildFileExceptionSet section */
		F191D2E12F06CC51005AFE32 /* Exceptions for "arteScope" folder in "arteScope" target */ = {
			isa = PBXFileSystemSynchronizedBuildFileExceptionSet;
			membershipExceptions = (
				Info.plist,
			);
			target = F191D2CB2F06CC50005AFE32 /* arteScope */;
		};
		F1D2B64B2F3758AA00835419 /* Exceptions for "arteScope" folder in "arteScopeTests" target */ = {
			isa = PBXFileSystemSynchronizedBuildFileExceptionSet;
			membershipExceptions = (
				"/Localized: Views/LaunchScreen.storyboard",
				"/Localized: Views/Main.storyboard",
				AppDelegate.swift,
				arteScope.xcdatamodeld,
				Assets.xcassets,
				Extension/UILabel.swift,
				Localizable.xcstrings,
				Model/Department.swift,
				Model/HomeSection.swift,
				Model/Objects.swift,
				Model/Theme.swift,
				NetWork/Core/APIClient.swift,
				NetWork/Core/APIEndpoint.swift,
				NetWork/NetworkManager.swift,
				NetWork/ServiceRequest.swift,
				Repository/ArtRepository.swift,
				Repository/ArtRepositoryProtocol.swift,
				Resources/LabelStyle.swift,
				SceneDelegate.swift,
				ViewController/ArtDetilsViewController.swift,
				ViewController/FavoriteDetailsViewController.swift,
				ViewController/FavoriteViewController.swift,
				ViewController/GenericViewController.swift,
				ViewController/HomeViewController.swift,
				ViewController/MenuViewController.swift,
				ViewController/SplashScreenViewController.swift,
				ViewController/ThemesViewController.swift,
				ViewModel/ArtDetilsViewModel.swift,
				ViewModel/FavoriteDetailsViewModel.swift,
				ViewModel/FavoritesViewModel.swift,
				ViewModel/FavoriteViewModel.swift,
				ViewModel/GenericViewModel.swift,
				ViewModel/HighlightViewModel.swift,
				ViewModel/HomeViewModel.swift,
				ViewModel/SplashScreenViewModel.swift,
				ViewModel/ThemeCollectionViewModel.swift,
				ViewModel/ThemesViewModel.swift,
				ViewModel/ThemeViewModel.swift,
				Views/Cells/CollectionCell/FavoriteCollectionViewCell.swift,
				Views/Cells/CollectionCell/FavoriteCollectionViewCell.xib,
				Views/Cells/CollectionCell/ThemesCollectionViewCell.swift,
				Views/Cells/CollectionCell/ThemesCollectionViewCell.xib,
				Views/Cells/Headers/HomeHeaderView.swift,
				Views/Cells/Headers/HomeHeaderView.xib,
				Views/Cells/TableCell/HighlightTableViewCell.swift,
				Views/Cells/TableCell/HighlightTableViewCell.xib,
				Views/Cells/TableCell/ThemeTableViewCell.swift,
				Views/Cells/TableCell/ThemeTableViewCell.xib,
				Views/Components/AlertView.swift,
				Views/Components/LoadingView.swift,
				Views/Views/EmptyFavoriteView.swift,
				Views/Views/EmptyFavoriteView.xib,
			);
			target = F1D2B6402F37589800835419 /* arteScopeTests */;
		};
/* End PBXFileSystemSynchronizedBuildFileExceptionSet section */

/* Begin PBXFileSystemSynchronizedRootGroup section */
		F191D2CE2F06CC50005AFE32 /* arteScope */ = {
			isa = PBXFileSystemSynchronizedRootGroup;
			exceptions = (
				F191D2E12F06CC51005AFE32 /* Exceptions for "arteScope" folder in "arteScope" target */,
				F1D2B64B2F3758AA00835419 /* Exceptions for "arteScope" folder in "arteScopeTests" target */,
			);
			path = arteScope;
			sourceTree = "<group>";
		};
		F1D2B6422F37589800835419 /* arteScopeTests */ = {
			isa = PBXFileSystemSynchronizedRootGroup;
			path = arteScopeTests;
			sourceTree = "<group>";
		};
/* End PBXFileSystemSynchronizedRootGroup section */

/* Begin PBXFrameworksBuildPhase section */
		F191D2C92F06CC50005AFE32 /* Frameworks */ = {
			isa = PBXFrameworksBuildPhase;
			buildActionMask = 2147483647;
			files = (
				F191D3552F0709F2005AFE32 /* Alamofire in Frameworks */,
			);
			runOnlyForDeploymentPostprocessing = 0;
		};
		F1D2B63E2F37589800835419 /* Frameworks */ = {
			isa = PBXFrameworksBuildPhase;
			buildActionMask = 2147483647;
			files = (
			);
			runOnlyForDeploymentPostprocessing = 0;
		};
/* End PBXFrameworksBuildPhase section */

/* Begin PBXGroup section */
		F191D2C32F06CC50005AFE32 = {
			isa = PBXGroup;
			children = (
				F191D2CE2F06CC50005AFE32 /* arteScope */,
				F1D2B6422F37589800835419 /* arteScopeTests */,
				F191D2CD2F06CC50005AFE32 /* Products */,
			);
			sourceTree = "<group>";
		};
		F191D2CD2F06CC50005AFE32 /* Products */ = {
			isa = PBXGroup;
			children = (
				F191D2CC2F06CC50005AFE32 /* arteScope.app */,
				F1D2B6412F37589800835419 /* arteScopeTests.xctest */,
			);
			name = Products;
			sourceTree = "<group>";
		};
/* End PBXGroup section */

/* Begin PBXNativeTarget section */
		F191D2CB2F06CC50005AFE32 /* arteScope */ = {
			isa = PBXNativeTarget;
			buildConfigurationList = F191D2E22F06CC51005AFE32 /* Build configuration list for PBXNativeTarget "arteScope" */;
			buildPhases = (
				F191D2C82F06CC50005AFE32 /* Sources */,
				F191D2C92F06CC50005AFE32 /* Frameworks */,
				F191D2CA2F06CC50005AFE32 /* Resources */,
			);
			buildRules = (
			);
			dependencies = (
			);
			fileSystemSynchronizedGroups = (
				F191D2CE2F06CC50005AFE32 /* arteScope */,
			);
			name = arteScope;
			packageProductDependencies = (
				F191D3542F0709F2005AFE32 /* Alamofire */,
			);
			productName = arteScope;
			productReference = F191D2CC2F06CC50005AFE32 /* arteScope.app */;
			productType = "com.apple.product-type.application";
		};
		F1D2B6402F37589800835419 /* arteScopeTests */ = {
			isa = PBXNativeTarget;
			buildConfigurationList = F1D2B6492F37589800835419 /* Build configuration list for PBXNativeTarget "arteScopeTests" */;
			buildPhases = (
				F1D2B63D2F37589800835419 /* Sources */,
				F1D2B63E2F37589800835419 /* Frameworks */,
				F1D2B63F2F37589800835419 /* Resources */,
			);
			buildRules = (
			);
			dependencies = (
				F1D2B6462F37589800835419 /* PBXTargetDependency */,
			);
			fileSystemSynchronizedGroups = (
				F1D2B6422F37589800835419 /* arteScopeTests */,
			);
			name = arteScopeTests;
			packageProductDependencies = (
			);
			productName = arteScopeTests;
			productReference = F1D2B6412F37589800835419 /* arteScopeTests.xctest */;
			productType = "com.apple.product-type.bundle.unit-test";
		};
/* End PBXNativeTarget section */

/* Begin PBXProject section */
		F191D2C42F06CC50005AFE32 /* Project object */ = {
			isa = PBXProject;
			attributes = {
				BuildIndependentTargetsInParallel = 1;
				LastSwiftUpdateCheck = 2620;
				LastUpgradeCheck = 2620;
				TargetAttributes = {
					F191D2CB2F06CC50005AFE32 = {
						CreatedOnToolsVersion = 26.2;
					};
					F1D2B6402F37589800835419 = {
						CreatedOnToolsVersion = 26.2;
						TestTargetID = F191D2CB2F06CC50005AFE32;
					};
				};
			};
			buildConfigurationList = F191D2C72F06CC50005AFE32 /* Build configuration list for PBXProject "arteScope" */;
			developmentRegion = en;
			hasScannedForEncodings = 0;
			knownRegions = (
				en,
				Base,
			);
			mainGroup = F191D2C32F06CC50005AFE32;
			minimizedProjectReferenceProxies = 1;
			packageReferences = (
				F191D3532F0709F2005AFE32 /* XCRemoteSwiftPackageReference "Alamofire" */,
			);
			preferredProjectObjectVersion = 77;
			productRefGroup = F191D2CD2F06CC50005AFE32 /* Products */;
			projectDirPath = "";
			projectRoot = "";
			targets = (
				F191D2CB2F06CC50005AFE32 /* arteScope */,
				F1D2B6402F37589800835419 /* arteScopeTests */,
			);
		};
/* End PBXProject section */

/* Begin PBXResourcesBuildPhase section */
		F191D2CA2F06CC50005AFE32 /* Resources */ = {
			isa = PBXResourcesBuildPhase;
			buildActionMask = 2147483647;
			files = (
			);
			runOnlyForDeploymentPostprocessing = 0;
		};
		F1D2B63F2F37589800835419 /* Resources */ = {
			isa = PBXResourcesBuildPhase;
			buildActionMask = 2147483647;
			files = (
			);
			runOnlyForDeploymentPostprocessing = 0;
		};
/* End PBXResourcesBuildPhase section */

/* Begin PBXSourcesBuildPhase section */
		F191D2C82F06CC50005AFE32 /* Sources */ = {
			isa = PBXSourcesBuildPhase;
			buildActionMask = 2147483647;
			files = (
			);
			runOnlyForDeploymentPostprocessing = 0;
		};
		F1D2B63D2F37589800835419 /* Sources */ = {
			isa = PBXSourcesBuildPhase;
			buildActionMask = 2147483647;
			files = (
			);
			runOnlyForDeploymentPostprocessing = 0;
		};
/* End PBXSourcesBuildPhase section */

/* Begin PBXTargetDependency section */
		F1D2B6462F37589800835419 /* PBXTargetDependency */ = {
			isa = PBXTargetDependency;
			target = F191D2CB2F06CC50005AFE32 /* arteScope */;
			targetProxy = F1D2B6452F37589800835419 /* PBXContainerItemProxy */;
		};
/* End PBXTargetDependency section */

/* Begin XCBuildConfiguration section */
		F191D2E32F06CC51005AFE32 /* Debug */ = {
			isa = XCBuildConfiguration;
			buildSettings = {
				ASSETCATALOG_COMPILER_APPICON_NAME = AppIcon;
				ASSETCATALOG_COMPILER_GLOBAL_ACCENT_COLOR_NAME = AccentColor;
				CODE_SIGN_STYLE = Automatic;
				CURRENT_PROJECT_VERSION = 1;
				GENERATE_INFOPLIST_FILE = YES;
				INFOPLIST_FILE = arteScope/Info.plist;
				INFOPLIST_KEY_UIApplicationSupportsIndirectInputEvents = YES;
				INFOPLIST_KEY_UILaunchStoryboardName = LaunchScreen;
				INFOPLIST_KEY_UIMainStoryboardFile = Main;
				INFOPLIST_KEY_UIStatusBarStyle = UIStatusBarStyleLightContent;
				INFOPLIST_KEY_UISupportedInterfaceOrientations = UIInterfaceOrientationPortrait;
				IPHONEOS_DEPLOYMENT_TARGET = 17.6;
				LD_RUNPATH_SEARCH_PATHS = (
					"$(inherited)",
					"@executable_path/Frameworks",
				);
				MARKETING_VERSION = 1.0;
				PRODUCT_BUNDLE_IDENTIFIER = Tiago.arteScope;
				PRODUCT_NAME = "$(TARGET_NAME)";
				STRING_CATALOG_GENERATE_SYMBOLS = YES;
				SWIFT_APPROACHABLE_CONCURRENCY = YES;
				SWIFT_DEFAULT_ACTOR_ISOLATION = MainActor;
				SWIFT_EMIT_LOC_STRINGS = YES;
				SWIFT_UPCOMING_FEATURE_MEMBER_IMPORT_VISIBILITY = YES;
				SWIFT_VERSION = 5.0;
				TARGETED_DEVICE_FAMILY = "1,2";
			};
			name = Debug;
		};
		F191D2E42F06CC51005AFE32 /* Release */ = {
			isa = XCBuildConfiguration;
			buildSettings = {
				ASSETCATALOG_COMPILER_APPICON_NAME = AppIcon;
				ASSETCATALOG_COMPILER_GLOBAL_ACCENT_COLOR_NAME = AccentColor;
				CODE_SIGN_STYLE = Automatic;
				CURRENT_PROJECT_VERSION = 1;
				GENERATE_INFOPLIST_FILE = YES;
				INFOPLIST_FILE = arteScope/Info.plist;
				INFOPLIST_KEY_UIApplicationSupportsIndirectInputEvents = YES;
				INFOPLIST_KEY_UILaunchStoryboardName = LaunchScreen;
				INFOPLIST_KEY_UIMainStoryboardFile = Main;
				INFOPLIST_KEY_UIStatusBarStyle = UIStatusBarStyleLightContent;
				INFOPLIST_KEY_UISupportedInterfaceOrientations = UIInterfaceOrientationPortrait;
				IPHONEOS_DEPLOYMENT_TARGET = 17.6;
				LD_RUNPATH_SEARCH_PATHS = (
					"$(inherited)",
					"@executable_path/Frameworks",
				);
				MARKETING_VERSION = 1.0;
				PRODUCT_BUNDLE_IDENTIFIER = Tiago.arteScope;
				PRODUCT_NAME = "$(TARGET_NAME)";
				STRING_CATALOG_GENERATE_SYMBOLS = YES;
				SWIFT_APPROACHABLE_CONCURRENCY = YES;
				SWIFT_DEFAULT_ACTOR_ISOLATION = MainActor;
				SWIFT_EMIT_LOC_STRINGS = YES;
				SWIFT_UPCOMING_FEATURE_MEMBER_IMPORT_VISIBILITY = YES;
				SWIFT_VERSION = 5.0;
				TARGETED_DEVICE_FAMILY = "1,2";
			};
			name = Release;
		};
		F191D2E52F06CC51005AFE32 /* Debug */ = {
			isa = XCBuildConfiguration;
			buildSettings = {
				ALWAYS_SEARCH_USER_PATHS = NO;
				ASSETCATALOG_COMPILER_GENERATE_SWIFT_ASSET_SYMBOL_EXTENSIONS = YES;
				CLANG_ANALYZER_NONNULL = YES;
				CLANG_ANALYZER_NUMBER_OBJECT_CONVERSION = YES_AGGRESSIVE;
				CLANG_CXX_LANGUAGE_STANDARD = "gnu++20";
				CLANG_ENABLE_MODULES = YES;
				CLANG_ENABLE_OBJC_ARC = YES;
				CLANG_ENABLE_OBJC_WEAK = YES;
				CLANG_WARN_BLOCK_CAPTURE_AUTORELEASING = YES;
				CLANG_WARN_BOOL_CONVERSION = YES;
				CLANG_WARN_COMMA = YES;
				CLANG_WARN_CONSTANT_CONVERSION = YES;
				CLANG_WARN_DEPRECATED_OBJC_IMPLEMENTATIONS = YES;
				CLANG_WARN_DIRECT_OBJC_ISA_USAGE = YES_ERROR;
				CLANG_WARN_DOCUMENTATION_COMMENTS = YES;
				CLANG_WARN_EMPTY_BODY = YES;
				CLANG_WARN_ENUM_CONVERSION = YES;
				CLANG_WARN_INFINITE_RECURSION = YES;
				CLANG_WARN_INT_CONVERSION = YES;
				CLANG_WARN_NON_LITERAL_NULL_CONVERSION = YES;
				CLANG_WARN_OBJC_IMPLICIT_RETAIN_SELF = YES;
				CLANG_WARN_OBJC_LITERAL_CONVERSION = YES;
				CLANG_WARN_OBJC_ROOT_CLASS = YES_ERROR;
				CLANG_WARN_QUOTED_INCLUDE_IN_FRAMEWORK_HEADER = YES;
				CLANG_WARN_RANGE_LOOP_ANALYSIS = YES;
				CLANG_WARN_STRICT_PROTOTYPES = YES;
				CLANG_WARN_SUSPICIOUS_MOVE = YES;
				CLANG_WARN_UNGUARDED_AVAILABILITY = YES_AGGRESSIVE;
				CLANG_WARN_UNREACHABLE_CODE = YES;
				CLANG_WARN__DUPLICATE_METHOD_MATCH = YES;
				COPY_PHASE_STRIP = NO;
				DEBUG_INFORMATION_FORMAT = dwarf;
				ENABLE_STRICT_OBJC_MSGSEND = YES;
				ENABLE_TESTABILITY = YES;
				ENABLE_USER_SCRIPT_SANDBOXING = YES;
				GCC_C_LANGUAGE_STANDARD = gnu17;
				GCC_DYNAMIC_NO_PIC = NO;
				GCC_NO_COMMON_BLOCKS = YES;
				GCC_OPTIMIZATION_LEVEL = 0;
				GCC_PREPROCESSOR_DEFINITIONS = (
					"DEBUG=1",
					"$(inherited)",
				);
				GCC_WARN_64_TO_32_BIT_CONVERSION = YES;
				GCC_WARN_ABOUT_RETURN_TYPE = YES_ERROR;
				GCC_WARN_UNDECLARED_SELECTOR = YES;
				GCC_WARN_UNINITIALIZED_AUTOS = YES_AGGRESSIVE;
				GCC_WARN_UNUSED_FUNCTION = YES;
				GCC_WARN_UNUSED_VARIABLE = YES;
				INFOPLIST_KEY_LSApplicationCategoryType = "public.app-category.education";
				IPHONEOS_DEPLOYMENT_TARGET = 17.6;
				LOCALIZATION_PREFERS_STRING_CATALOGS = YES;
				MTL_ENABLE_DEBUG_INFO = INCLUDE_SOURCE;
				MTL_FAST_MATH = YES;
				ONLY_ACTIVE_ARCH = YES;
				SDKROOT = iphoneos;
				SWIFT_ACTIVE_COMPILATION_CONDITIONS = "DEBUG $(inherited)";
				SWIFT_OPTIMIZATION_LEVEL = "-Onone";
			};
			name = Debug;
		};
		F191D2E62F06CC51005AFE32 /* Release */ = {
			isa = XCBuildConfiguration;
			buildSettings = {
				ALWAYS_SEARCH_USER_PATHS = NO;
				ASSETCATALOG_COMPILER_GENERATE_SWIFT_ASSET_SYMBOL_EXTENSIONS = YES;
				CLANG_ANALYZER_NONNULL = YES;
				CLANG_ANALYZER_NUMBER_OBJECT_CONVERSION = YES_AGGRESSIVE;
				CLANG_CXX_LANGUAGE_STANDARD = "gnu++20";
				CLANG_ENABLE_MODULES = YES;
				CLANG_ENABLE_OBJC_ARC = YES;
				CLANG_ENABLE_OBJC_WEAK = YES;
				CLANG_WARN_BLOCK_CAPTURE_AUTORELEASING = YES;
				CLANG_WARN_BOOL_CONVERSION = YES;
				CLANG_WARN_COMMA = YES;
				CLANG_WARN_CONSTANT_CONVERSION = YES;
				CLANG_WARN_DEPRECATED_OBJC_IMPLEMENTATIONS = YES;
				CLANG_WARN_DIRECT_OBJC_ISA_USAGE = YES_ERROR;
				CLANG_WARN_DOCUMENTATION_COMMENTS = YES;
				CLANG_WARN_EMPTY_BODY = YES;
				CLANG_WARN_ENUM_CONVERSION = YES;
				CLANG_WARN_INFINITE_RECURSION = YES;
				CLANG_WARN_INT_CONVERSION = YES;
				CLANG_WARN_NON_LITERAL_NULL_CONVERSION = YES;
				CLANG_WARN_OBJC_IMPLICIT_RETAIN_SELF = YES;
				CLANG_WARN_OBJC_LITERAL_CONVERSION = YES;
				CLANG_WARN_OBJC_ROOT_CLASS = YES_ERROR;
				CLANG_WARN_QUOTED_INCLUDE_IN_FRAMEWORK_HEADER = YES;
				CLANG_WARN_RANGE_LOOP_ANALYSIS = YES;
				CLANG_WARN_STRICT_PROTOTYPES = YES;
				CLANG_WARN_SUSPICIOUS_MOVE = YES;
				CLANG_WARN_UNGUARDED_AVAILABILITY = YES_AGGRESSIVE;
				CLANG_WARN_UNREACHABLE_CODE = YES;
				CLANG_WARN__DUPLICATE_METHOD_MATCH = YES;
				COPY_PHASE_STRIP = NO;
				DEBUG_INFORMATION_FORMAT = "dwarf-with-dsym";
				ENABLE_NS_ASSERTIONS = NO;
				ENABLE_STRICT_OBJC_MSGSEND = YES;
				ENABLE_USER_SCRIPT_SANDBOXING = YES;
				GCC_C_LANGUAGE_STANDARD = gnu17;
				GCC_NO_COMMON_BLOCKS = YES;
				GCC_WARN_64_TO_32_BIT_CONVERSION = YES;
				GCC_WARN_ABOUT_RETURN_TYPE = YES_ERROR;
				GCC_WARN_UNDECLARED_SELECTOR = YES;
				GCC_WARN_UNINITIALIZED_AUTOS = YES_AGGRESSIVE;
				GCC_WARN_UNUSED_FUNCTION = YES;
				GCC_WARN_UNUSED_VARIABLE = YES;
				INFOPLIST_KEY_LSApplicationCategoryType = "public.app-category.education";
				IPHONEOS_DEPLOYMENT_TARGET = 17.6;
				LOCALIZATION_PREFERS_STRING_CATALOGS = YES;
				MTL_ENABLE_DEBUG_INFO = NO;
				MTL_FAST_MATH = YES;
				SDKROOT = iphoneos;
				SWIFT_COMPILATION_MODE = wholemodule;
				VALIDATE_PRODUCT = YES;
			};
			name = Release;
		};
		F1D2B6472F37589800835419 /* Debug */ = {
			isa = XCBuildConfiguration;
			buildSettings = {
				BUNDLE_LOADER = "$(TEST_HOST)";
				CODE_SIGN_STYLE = Automatic;
				CURRENT_PROJECT_VERSION = 1;
				GENERATE_INFOPLIST_FILE = YES;
				IPHONEOS_DEPLOYMENT_TARGET = 17.6;
				MARKETING_VERSION = 1.0;
				PRODUCT_BUNDLE_IDENTIFIER = Tiago.arteScopeTests;
				PRODUCT_NAME = "$(TARGET_NAME)";
				STRING_CATALOG_GENERATE_SYMBOLS = NO;
				SWIFT_APPROACHABLE_CONCURRENCY = YES;
				SWIFT_EMIT_LOC_STRINGS = NO;
				SWIFT_UPCOMING_FEATURE_MEMBER_IMPORT_VISIBILITY = YES;
				SWIFT_VERSION = 5.0;
				TARGETED_DEVICE_FAMILY = "1,2";
				TEST_HOST = "$(BUILT_PRODUCTS_DIR)/arteScope.app/$(BUNDLE_EXECUTABLE_FOLDER_PATH)/arteScope";
			};
			name = Debug;
		};
		F1D2B6482F37589800835419 /* Release */ = {
			isa = XCBuildConfiguration;
			buildSettings = {
				BUNDLE_LOADER = "$(TEST_HOST)";
				CODE_SIGN_STYLE = Automatic;
				CURRENT_PROJECT_VERSION = 1;
				GENERATE_INFOPLIST_FILE = YES;
				IPHONEOS_DEPLOYMENT_TARGET = 17.6;
				MARKETING_VERSION = 1.0;
				PRODUCT_BUNDLE_IDENTIFIER = Tiago.arteScopeTests;
				PRODUCT_NAME = "$(TARGET_NAME)";
				STRING_CATALOG_GENERATE_SYMBOLS = NO;
				SWIFT_APPROACHABLE_CONCURRENCY = YES;
				SWIFT_EMIT_LOC_STRINGS = NO;
				SWIFT_UPCOMING_FEATURE_MEMBER_IMPORT_VISIBILITY = YES;
				SWIFT_VERSION = 5.0;
				TARGETED_DEVICE_FAMILY = "1,2";
				TEST_HOST = "$(BUILT_PRODUCTS_DIR)/arteScope.app/$(BUNDLE_EXECUTABLE_FOLDER_PATH)/arteScope";
			};
			name = Release;
		};
/* End XCBuildConfiguration section */

/* Begin XCConfigurationList section */
		F191D2C72F06CC50005AFE32 /* Build configuration list for PBXProject "arteScope" */ = {
			isa = XCConfigurationList;
			buildConfigurations = (
				F191D2E52F06CC51005AFE32 /* Debug */,
				F191D2E62F06CC51005AFE32 /* Release */,
			);
			defaultConfigurationIsVisible = 0;
			defaultConfigurationName = Release;
		};
		F191D2E22F06CC51005AFE32 /* Build configuration list for PBXNativeTarget "arteScope" */ = {
			isa = XCConfigurationList;
			buildConfigurations = (
				F191D2E32F06CC51005AFE32 /* Debug */,
				F191D2E42F06CC51005AFE32 /* Release */,
			);
			defaultConfigurationIsVisible = 0;
			defaultConfigurationName = Release;
		};
		F1D2B6492F37589800835419 /* Build configuration list for PBXNativeTarget "arteScopeTests" */ = {
			isa = XCConfigurationList;
			buildConfigurations = (
				F1D2B6472F37589800835419 /* Debug */,
				F1D2B6482F37589800835419 /* Release */,
			);
			defaultConfigurationIsVisible = 0;
			defaultConfigurationName = Release;
		};
/* End XCConfigurationList section */

/* Begin XCRemoteSwiftPackageReference section */
		F191D3532F0709F2005AFE32 /* XCRemoteSwiftPackageReference "Alamofire" */ = {
			isa = XCRemoteSwiftPackageReference;
			repositoryURL = "https://github.com/Alamofire/Alamofire.git";
			requirement = {
				kind = exactVersion;
				version = 5.11.0;
			};
		};
/* End XCRemoteSwiftPackageReference section */

/* Begin XCSwiftPackageProductDependency section */
		F191D3542F0709F2005AFE32 /* Alamofire */ = {
			isa = XCSwiftPackageProductDependency;
			package = F191D3532F0709F2005AFE32 /* XCRemoteSwiftPackageReference "Alamofire" */;
			productName = Alamofire;
		};
/* End XCSwiftPackageProductDependency section */
	};
	rootObject = F191D2C42F06CC50005AFE32 /* Project object */;
}
